
Microsoft Visual Studio Solution File, Format Version 12.00
# Visual Studio Version 16
VisualStudioVersion = 16.0.31229.75
MinimumVisualStudioVersion = 10.0.40219.1
Project("{9A19103F-16F7-4668-BE54-9A1E7A4F7556}") = "Test.Project1", "Test.Project1\Test.Project1.csproj", "{ED0370EA-EB49-4998-BE99-A93047801B77}"
EndProject
Project("{9A19103F-16F7-4668-BE54-9A1E7A4F7556}") = "MaxSequenceOfEqualElements", "MaxSequenceOfEqualElements\MaxSequenceOfEqualElements.csproj", "{6ACDAEA2-9E4D-4C55-A14A-5FEF3930F161}"
EndProject
Project("{9A19103F-16F7-4668-BE54-9A1E7A4F7556}") = "MagicSum", "MagicSum\MagicSum.csproj", "{69A85831-1106-48E1-B5A8-37146B8061EC}"
EndProject
Project("{9A19103F-16F7-4668-BE54-9A1E7A4F7556}") = "Palindrome", "Palindrome\Palindrome.csproj", "{9F30F78D-834D-4D88-98E1-98F672CD9FCC}"
EndProject
Project("{9A19103F-16F7-4668-BE54-9A1E7A4F7556}") = "ZigZagArrays", "ZigZagArrays\ZigZagArrays.csproj", "{20C14609-4EC0-4207-B6B0-8F3A738E14F3}"
EndProject
Project("{9A19103F-16F7-4668-BE54-9A1E7A4F7556}") = "AnonymousThreat", "AnonymousThreat\AnonymousThreat.csproj", "{6EA4830B-026A-41D4-9E4E-417C866CE6AD}"
EndProject
Project("{9A19103F-16F7-4668-BE54-9A1E7A4F7556}") = "ArrayRotation", "ArrayRotation\ArrayRotation.csproj", "{02A35ED0-EC32-43EB-854D-6F3C81733387}"
EndProject
Project("{9A19103F-16F7-4668-BE54-9A1E7A4F7556}") = "Fund2021FinalExam2", "Fund2021FinalExam2\Fund2021FinalExam2.csproj", "{51411CFE-E397-4243-A8F1-97F8DD312050}"
EndProject
Project("{9A19103F-16F7-4668-BE54-9A1E7A4F7556}") = "Fund2021FinalExam1", "Fund2021FinalExam1\Fund2021FinalExam1.csproj", "{CB8ECE66-E65B-402A-81A8-711443CF2786}"
EndProject
Project("{9A19103F-16F7-4668-BE54-9A1E7A4F7556}") = "BombNumbers", "BombNumbers\BombNumbers.csproj", "{08A870F6-C53C-4E99-8671-A26CC9841EB9}"
EndProject
Project("{9A19103F-16F7-4668-BE54-9A1E7A4F7556}") = "CardsGame", "CardsGame\CardsGame.csproj", "{E37E4746-3CD3-4BBE-A8B4-48D789445428}"
EndProject
Project("{9A19103F-16F7-4668-BE54-9A1E7A4F7556}") = "CharacterMultiplier", "CharacterMultiplier\CharacterMultiplier.csproj", "{5D87A8F0-D955-4449-8F46-960A15CA9B3B}"
EndProject
Project("{9A19103F-16F7-4668-BE54-9A1E7A4F7556}") = "VendingMachine", "VendingMachine\VendingMachine.csproj", "{62A87E38-9E89-4E10-A46C-5C516A8BA920}"
EndProject
Project("{9A19103F-16F7-4668-BE54-9A1E7A4F7556}") = "ValidUsernames", "ValidUsernames\ValidUsernames.csproj", "{5D5F10C1-9782-47BC-A235-77A2397FD7D0}"
EndProject
Project("{9A19103F-16F7-4668-BE54-9A1E7A4F7556}") = "TopNumber", "TopNumber\TopNumber.csproj", "{D3D104D5-C0B7-48BA-B11F-25F7A3014E5D}"
EndProject
Project("{9A19103F-16F7-4668-BE54-9A1E7A4F7556}") = "TimeConvert", "TimeConvert\TimeConvert.csproj", "{E8DD5F2A-5753-417C-AB50-D70E7B31B8E0}"
EndProject
Project("{9A19103F-16F7-4668-BE54-9A1E7A4F7556}") = "StudentAcademy", "StudentAcademy\StudentAcademy.csproj", "{954D8CB4-F9D6-41D0-B7F6-CDD17D0F3EA5}"
EndProject
Project("{9A19103F-16F7-4668-BE54-9A1E7A4F7556}") = "SmallestOfThreeNumbers", "SmallestOfThreeNumbers\SmallestOfThreeNumbers.csproj", "{A35E8162-A62D-4F02-BB9E-4F2FF9F012E4}"
EndProject
Project("{9A19103F-16F7-4668-BE54-9A1E7A4F7556}") = "Race", "Race\Race.csproj", "{E5C31184-491F-4D81-B56F-AE3520A38477}"
EndProject
Project("{9A19103F-16F7-4668-BE54-9A1E7A4F7556}") = "PasswordValidator", "PasswordValidator\PasswordValidator.csproj", "{AAB7F110-5516-4C78-B80A-263A51863C75}"
EndProject
Project("{9A19103F-16F7-4668-BE54-9A1E7A4F7556}") = "PalindromeIntegers", "PalindromeIntegers\PalindromeIntegers.csproj", "{AA0EA867-2488-4CED-A838-60391E631F40}"
EndProject
Project("{9A19103F-16F7-4668-BE54-9A1E7A4F7556}") = "Orders", "Orders\Orders.csproj", "{21FBD673-FBC3-4537-B4FA-5BB0ECF12BA3}"
EndProject
Project("{9A19103F-16F7-4668-BE54-9A1E7A4F7556}") = "Fund2021FinalExam3", "Fund2021FinalExam3\Fund2021FinalExam3.csproj", "{BDC8A361-0904-4EFA-8427-C4DBD280543E}"
EndProject
Project("{9A19103F-16F7-4668-BE54-9A1E7A4F7556}") = "Articles", "Articles\Articles.csproj", "{CC3A882B-5A5B-43F8-91CF-2B177637FCE7}"
EndProject
Project("{9A19103F-16F7-4668-BE54-9A1E7A4F7556}") = "Articles2.0", "Articles2.0\Articles2.0.csproj", "{D7006C63-724F-45A8-AECE-EA7901443554}"
EndProject
Project("{9A19103F-16F7-4668-BE54-9A1E7A4F7556}") = "Students", "Students\Students.csproj", "{8EF68F04-4B9B-4AA8-A477-D65811538079}"
EndProject
Project("{9A19103F-16F7-4668-BE54-9A1E7A4F7556}") = "TeamworkProjects", "TeamworkProjects\TeamworkProjects.csproj", "{91823BA6-3549-4FC1-9029-E74343B96F76}"
EndProject
Project("{9A19103F-16F7-4668-BE54-9A1E7A4F7556}") = "VehicleCatalogue", "VehicleCatalogue\VehicleCatalogue.csproj", "{F0F82C7A-187B-4187-97C0-BB4A1F4441FA}"
EndProject
Project("{9A19103F-16F7-4668-BE54-9A1E7A4F7556}") = "OrderByAge", "OrderByAge\OrderByAge.csproj", "{A9EEE579-A472-4D6D-88BC-D5A2474D8979}"
EndProject
Project("{9A19103F-16F7-4668-BE54-9A1E7A4F7556}") = "Snowballs", "Snowballs\Snowballs.csproj", "{9920110F-0AA5-4D2D-BB9A-172EF8021604}"
EndProject
Project("{9A19103F-16F7-4668-BE54-9A1E7A4F7556}") = "Login", "Login\Login.csproj", "{0FAC2BF7-5547-4794-B7DC-1EC88D0E5340}"
EndProject
Project("{9A19103F-16F7-4668-BE54-9A1E7A4F7556}") = "BinarySearch", "BinarySearch\BinarySearch.csproj", "{733BECAE-66EC-41DA-869F-462E82D1C101}"
EndProject
Global
	GlobalSection(SolutionConfigurationPlatforms) = preSolution
		Debug|Any CPU = Debug|Any CPU
		Release|Any CPU = Release|Any CPU
	EndGlobalSection
	GlobalSection(ProjectConfigurationPlatforms) = postSolution
		{ED0370EA-EB49-4998-BE99-A93047801B77}.Debug|Any CPU.ActiveCfg = Debug|Any CPU
		{ED0370EA-EB49-4998-BE99-A93047801B77}.Debug|Any CPU.Build.0 = Debug|Any CPU
		{ED0370EA-EB49-4998-BE99-A93047801B77}.Release|Any CPU.ActiveCfg = Release|Any CPU
		{ED0370EA-EB49-4998-BE99-A93047801B77}.Release|Any CPU.Build.0 = Release|Any CPU
		{6ACDAEA2-9E4D-4C55-A14A-5FEF3930F161}.Debug|Any CPU.ActiveCfg = Debug|Any CPU
		{6ACDAEA2-9E4D-4C55-A14A-5FEF3930F161}.Debug|Any CPU.Build.0 = Debug|Any CPU
		{6ACDAEA2-9E4D-4C55-A14A-5FEF3930F161}.Release|Any CPU.ActiveCfg = Release|Any CPU
		{6ACDAEA2-9E4D-4C55-A14A-5FEF3930F161}.Release|Any CPU.Build.0 = Release|Any CPU
		{69A85831-1106-48E1-B5A8-37146B8061EC}.Debug|Any CPU.ActiveCfg = Debug|Any CPU
		{69A85831-1106-48E1-B5A8-37146B8061EC}.Debug|Any CPU.Build.0 = Debug|Any CPU
		{69A85831-1106-48E1-B5A8-37146B8061EC}.Release|Any CPU.ActiveCfg = Release|Any CPU
		{69A85831-1106-48E1-B5A8-37146B8061EC}.Release|Any CPU.Build.0 = Release|Any CPU
		{9F30F78D-834D-4D88-98E1-98F672CD9FCC}.Debug|Any CPU.ActiveCfg = Debug|Any CPU
		{9F30F78D-834D-4D88-98E1-98F672CD9FCC}.Debug|Any CPU.Build.0 = Debug|Any CPU
		{9F30F78D-834D-4D88-98E1-98F672CD9FCC}.Release|Any CPU.ActiveCfg = Release|Any CPU
		{9F30F78D-834D-4D88-98E1-98F672CD9FCC}.Release|Any CPU.Build.0 = Release|Any CPU
		{20C14609-4EC0-4207-B6B0-8F3A738E14F3}.Debug|Any CPU.ActiveCfg = Debug|Any CPU
		{20C14609-4EC0-4207-B6B0-8F3A738E14F3}.Debug|Any CPU.Build.0 = Debug|Any CPU
		{20C14609-4EC0-4207-B6B0-8F3A738E14F3}.Release|Any CPU.ActiveCfg = Release|Any CPU
		{20C14609-4EC0-4207-B6B0-8F3A738E14F3}.Release|Any CPU.Build.0 = Release|Any CPU
		{6EA4830B-026A-41D4-9E4E-417C866CE6AD}.Debug|Any CPU.ActiveCfg = Debug|Any CPU
		{6EA4830B-026A-41D4-9E4E-417C866CE6AD}.Debug|Any CPU.Build.0 = Debug|Any CPU
		{6EA4830B-026A-41D4-9E4E-417C866CE6AD}.Release|Any CPU.ActiveCfg = Release|Any CPU
		{6EA4830B-026A-41D4-9E4E-417C866CE6AD}.Release|Any CPU.Build.0 = Release|Any CPU
		{02A35ED0-EC32-43EB-854D-6F3C81733387}.Debug|Any CPU.ActiveCfg = Debug|Any CPU
		{02A35ED0-EC32-43EB-854D-6F3C81733387}.Debug|Any CPU.Build.0 = Debug|Any CPU
		{02A35ED0-EC32-43EB-854D-6F3C81733387}.Release|Any CPU.ActiveCfg = Release|Any CPU
		{02A35ED0-EC32-43EB-854D-6F3C81733387}.Release|Any CPU.Build.0 = Release|Any CPU
		{51411CFE-E397-4243-A8F1-97F8DD312050}.Debug|Any CPU.ActiveCfg = Debug|Any CPU
		{51411CFE-E397-4243-A8F1-97F8DD312050}.Debug|Any CPU.Build.0 = Debug|Any CPU
		{51411CFE-E397-4243-A8F1-97F8DD312050}.Release|Any CPU.ActiveCfg = Release|Any CPU
		{51411CFE-E397-4243-A8F1-97F8DD312050}.Release|Any CPU.Build.0 = Release|Any CPU
		{CB8ECE66-E65B-402A-81A8-711443CF2786}.Debug|Any CPU.ActiveCfg = Debug|Any CPU
		{CB8ECE66-E65B-402A-81A8-711443CF2786}.Debug|Any CPU.Build.0 = Debug|Any CPU
		{CB8ECE66-E65B-402A-81A8-711443CF2786}.Release|Any CPU.ActiveCfg = Release|Any CPU
		{CB8ECE66-E65B-402A-81A8-711443CF2786}.Release|Any CPU.Build.0 = Release|Any CPU
		{08A870F6-C53C-4E99-8671-A26CC9841EB9}.Debug|Any CPU.ActiveCfg = Debug|Any CPU
		{08A870F6-C53C-4E99-8671-A26CC9841EB9}.Debug|Any CPU.Build.0 = Debug|Any CPU
		{08A870F6-C53C-4E99-8671-A26CC9841EB9}.Release|Any CPU.ActiveCfg = Release|Any CPU
		{08A870F6-C53C-4E99-8671-A26CC9841EB9}.Release|Any CPU.Build.0 = Release|Any CPU
		{E37E4746-3CD3-4BBE-A8B4-48D789445428}.Debug|Any CPU.ActiveCfg = Debug|Any CPU
		{E37E4746-3CD3-4BBE-A8B4-48D789445428}.Debug|Any CPU.Build.0 = Debug|Any CPU
		{E37E4746-3CD3-4BBE-A8B4-48D789445428}.Release|Any CPU.ActiveCfg = Release|Any CPU
		{E37E4746-3CD3-4BBE-A8B4-48D789445428}.Release|Any CPU.Build.0 = Release|Any CPU
		{5D87A8F0-D955-4449-8F46-960A15CA9B3B}.Debug|Any CPU.ActiveCfg = Debug|Any CPU
		{5D87A8F0-D955-4449-8F46-960A15CA9B3B}.Debug|Any CPU.Build.0 = Debug|Any CPU
		{5D87A8F0-D955-4449-8F46-960A15CA9B3B}.Release|Any CPU.ActiveCfg = Release|Any CPU
		{5D87A8F0-D955-4449-8F46-960A15CA9B3B}.Release|Any CPU.Build.0 = Release|Any CPU
		{62A87E38-9E89-4E10-A46C-5C516A8BA920}.Debug|Any CPU.ActiveCfg = Debug|Any CPU
		{62A87E38-9E89-4E10-A46C-5C516A8BA920}.Debug|Any CPU.Build.0 = Debug|Any CPU
		{62A87E38-9E89-4E10-A46C-5C516A8BA920}.Release|Any CPU.ActiveCfg = Release|Any CPU
		{62A87E38-9E89-4E10-A46C-5C516A8BA920}.Release|Any CPU.Build.0 = Release|Any CPU
		{5D5F10C1-9782-47BC-A235-77A2397FD7D0}.Debug|Any CPU.ActiveCfg = Debug|Any CPU
		{5D5F10C1-9782-47BC-A235-77A2397FD7D0}.Debug|Any CPU.Build.0 = Debug|Any CPU
		{5D5F10C1-9782-47BC-A235-77A2397FD7D0}.Release|Any CPU.ActiveCfg = Release|Any CPU
		{5D5F10C1-9782-47BC-A235-77A2397FD7D0}.Release|Any CPU.Build.0 = Release|Any CPU
		{D3D104D5-C0B7-48BA-B11F-25F7A3014E5D}.Debug|Any CPU.ActiveCfg = Debug|Any CPU
		{D3D104D5-C0B7-48BA-B11F-25F7A3014E5D}.Debug|Any CPU.Build.0 = Debug|Any CPU
		{D3D104D5-C0B7-48BA-B11F-25F7A3014E5D}.Release|Any CPU.ActiveCfg = Release|Any CPU
		{D3D104D5-C0B7-48BA-B11F-25F7A3014E5D}.Release|Any CPU.Build.0 = Release|Any CPU
		{E8DD5F2A-5753-417C-AB50-D70E7B31B8E0}.Debug|Any CPU.ActiveCfg = Debug|Any CPU
		{E8DD5F2A-5753-417C-AB50-D70E7B31B8E0}.Debug|Any CPU.Build.0 = Debug|Any CPU
		{E8DD5F2A-5753-417C-AB50-D70E7B31B8E0}.Release|Any CPU.ActiveCfg = Release|Any CPU
		{E8DD5F2A-5753-417C-AB50-D70E7B31B8E0}.Release|Any CPU.Build.0 = Release|Any CPU
		{954D8CB4-F9D6-41D0-B7F6-CDD17D0F3EA5}.Debug|Any CPU.ActiveCfg = Debug|Any CPU
		{954D8CB4-F9D6-41D0-B7F6-CDD17D0F3EA5}.Debug|Any CPU.Build.0 = Debug|Any CPU
		{954D8CB4-F9D6-41D0-B7F6-CDD17D0F3EA5}.Release|Any CPU.ActiveCfg = Release|Any CPU
		{954D8CB4-F9D6-41D0-B7F6-CDD17D0F3EA5}.Release|Any CPU.Build.0 = Release|Any CPU
		{A35E8162-A62D-4F02-BB9E-4F2FF9F012E4}.Debug|Any CPU.ActiveCfg = Debug|Any CPU
		{A35E8162-A62D-4F02-BB9E-4F2FF9F012E4}.Debug|Any CPU.Build.0 = Debug|Any CPU
		{A35E8162-A62D-4F02-BB9E-4F2FF9F012E4}.Release|Any CPU.ActiveCfg = Release|Any CPU
		{A35E8162-A62D-4F02-BB9E-4F2FF9F012E4}.Release|Any CPU.Build.0 = Release|Any CPU
		{E5C31184-491F-4D81-B56F-AE3520A38477}.Debug|Any CPU.ActiveCfg = Debug|Any CPU
		{E5C31184-491F-4D81-B56F-AE3520A38477}.Debug|Any CPU.Build.0 = Debug|Any CPU
		{E5C31184-491F-4D81-B56F-AE3520A38477}.Release|Any CPU.ActiveCfg = Release|Any CPU
		{E5C31184-491F-4D81-B56F-AE3520A38477}.Release|Any CPU.Build.0 = Release|Any CPU
		{AAB7F110-5516-4C78-B80A-263A51863C75}.Debug|Any CPU.ActiveCfg = Debug|Any CPU
		{AAB7F110-5516-4C78-B80A-263A51863C75}.Debug|Any CPU.Build.0 = Debug|Any CPU
		{AAB7F110-5516-4C78-B80A-263A51863C75}.Release|Any CPU.ActiveCfg = Release|Any CPU
		{AAB7F110-5516-4C78-B80A-263A51863C75}.Release|Any CPU.Build.0 = Release|Any CPU
		{AA0EA867-2488-4CED-A838-60391E631F40}.Debug|Any CPU.ActiveCfg = Debug|Any CPU
		{AA0EA867-2488-4CED-A838-60391E631F40}.Debug|Any CPU.Build.0 = Debug|Any CPU
		{AA0EA867-2488-4CED-A838-60391E631F40}.Release|Any CPU.ActiveCfg = Release|Any CPU
		{AA0EA867-2488-4CED-A838-60391E631F40}.Release|Any CPU.Build.0 = Release|Any CPU
		{21FBD673-FBC3-4537-B4FA-5BB0ECF12BA3}.Debug|Any CPU.ActiveCfg = Debug|Any CPU
		{21FBD673-FBC3-4537-B4FA-5BB0ECF12BA3}.Debug|Any CPU.Build.0 = Debug|Any CPU
		{21FBD673-FBC3-4537-B4FA-5BB0ECF12BA3}.Release|Any CPU.ActiveCfg = Release|Any CPU
		{21FBD673-FBC3-4537-B4FA-5BB0ECF12BA3}.Release|Any CPU.Build.0 = Release|Any CPU
		{BDC8A361-0904-4EFA-8427-C4DBD280543E}.Debug|Any CPU.ActiveCfg = Debug|Any CPU
		{BDC8A361-0904-4EFA-8427-C4DBD280543E}.Debug|Any CPU.Build.0 = Debug|Any CPU
		{BDC8A361-0904-4EFA-8427-C4DBD280543E}.Release|Any CPU.ActiveCfg = Release|Any CPU
		{BDC8A361-0904-4EFA-8427-C4DBD280543E}.Release|Any CPU.Build.0 = Release|Any CPU
		{CC3A882B-5A5B-43F8-91CF-2B177637FCE7}.Debug|Any CPU.ActiveCfg = Debug|Any CPU
		{CC3A882B-5A5B-43F8-91CF-2B177637FCE7}.Debug|Any CPU.Build.0 = Debug|Any CPU
		{CC3A882B-5A5B-43F8-91CF-2B177637FCE7}.Release|Any CPU.ActiveCfg = Release|Any CPU
		{CC3A882B-5A5B-43F8-91CF-2B177637FCE7}.Release|Any CPU.Build.0 = Release|Any CPU
		{D7006C63-724F-45A8-AECE-EA7901443554}.Debug|Any CPU.ActiveCfg = Debug|Any CPU
		{D7006C63-724F-45A8-AECE-EA7901443554}.Debug|Any CPU.Build.0 = Debug|Any CPU
		{D7006C63-724F-45A8-AECE-EA7901443554}.Release|Any CPU.ActiveCfg = Release|Any CPU
		{D7006C63-724F-45A8-AECE-EA7901443554}.Release|Any CPU.Build.0 = Release|Any CPU
		{8EF68F04-4B9B-4AA8-A477-D65811538079}.Debug|Any CPU.ActiveCfg = Debug|Any CPU
		{8EF68F04-4B9B-4AA8-A477-D65811538079}.Debug|Any CPU.Build.0 = Debug|Any CPU
		{8EF68F04-4B9B-4AA8-A477-D65811538079}.Release|Any CPU.ActiveCfg = Release|Any CPU
		{8EF68F04-4B9B-4AA8-A477-D65811538079}.Release|Any CPU.Build.0 = Release|Any CPU
		{91823BA6-3549-4FC1-9029-E74343B96F76}.Debug|Any CPU.ActiveCfg = Debug|Any CPU
		{91823BA6-3549-4FC1-9029-E74343B96F76}.Debug|Any CPU.Build.0 = Debug|Any CPU
		{91823BA6-3549-4FC1-9029-E74343B96F76}.Release|Any CPU.ActiveCfg = Release|Any CPU
		{91823BA6-3549-4FC1-9029-E74343B96F76}.Release|Any CPU.Build.0 = Release|Any CPU
		{F0F82C7A-187B-4187-97C0-BB4A1F4441FA}.Debug|Any CPU.ActiveCfg = Debug|Any CPU
		{F0F82C7A-187B-4187-97C0-BB4A1F4441FA}.Debug|Any CPU.Build.0 = Debug|Any CPU
		{F0F82C7A-187B-4187-97C0-BB4A1F4441FA}.Release|Any CPU.ActiveCfg = Release|Any CPU
		{F0F82C7A-187B-4187-97C0-BB4A1F4441FA}.Release|Any CPU.Build.0 = Release|Any CPU
		{A9EEE579-A472-4D6D-88BC-D5A2474D8979}.Debug|Any CPU.ActiveCfg = Debug|Any CPU
		{A9EEE579-A472-4D6D-88BC-D5A2474D8979}.Debug|Any CPU.Build.0 = Debug|Any CPU
		{A9EEE579-A472-4D6D-88BC-D5A2474D8979}.Release|Any CPU.ActiveCfg = Release|Any CPU
		{A9EEE579-A472-4D6D-88BC-D5A2474D8979}.Release|Any CPU.Build.0 = Release|Any CPU
		{9920110F-0AA5-4D2D-BB9A-172EF8021604}.Debug|Any CPU.ActiveCfg = Debug|Any CPU
		{9920110F-0AA5-4D2D-BB9A-172EF8021604}.Debug|Any CPU.Build.0 = Debug|Any CPU
		{9920110F-0AA5-4D2D-BB9A-172EF8021604}.Release|Any CPU.ActiveCfg = Release|Any CPU
		{9920110F-0AA5-4D2D-BB9A-172EF8021604}.Release|Any CPU.Build.0 = Release|Any CPU
		{0FAC2BF7-5547-4794-B7DC-1EC88D0E5340}.Debug|Any CPU.ActiveCfg = Debug|Any CPU
		{0FAC2BF7-5547-4794-B7DC-1EC88D0E5340}.Debug|Any CPU.Build.0 = Debug|Any CPU
		{0FAC2BF7-5547-4794-B7DC-1EC88D0E5340}.Release|Any CPU.ActiveCfg = Release|Any CPU
		{0FAC2BF7-5547-4794-B7DC-1EC88D0E5340}.Release|Any CPU.Build.0 = Release|Any CPU
		{733BECAE-66EC-41DA-869F-462E82D1C101}.Debug|Any CPU.ActiveCfg = Debug|Any CPU
		{733BECAE-66EC-41DA-869F-462E82D1C101}.Debug|Any CPU.Build.0 = Debug|Any CPU
		{733BECAE-66EC-41DA-869F-462E82D1C101}.Release|Any CPU.ActiveCfg = Release|Any CPU
		{733BECAE-66EC-41DA-869F-462E82D1C101}.Release|Any CPU.Build.0 = Release|Any CPU
	EndGlobalSection
	GlobalSection(SolutionProperties) = preSolution
		HideSolutionNode = FALSE
	EndGlobalSection
	GlobalSection(ExtensibilityGlobals) = postSolution
		SolutionGuid = {486238A8-86BA-4B23-AB80-F315211A2440}
	EndGlobalSection
EndGlobal
